
Microsoft Visual Studio Solution File, Format Version 12.00
# Visual Studio 15
VisualStudioVersion = 15.0.28307.902
MinimumVisualStudioVersion = 10.0.40219.1
Project("{8BC9CEB8-8B4A-11D0-8D11-00A0C91BC942}") = "lib.googletest", "lib.googletest\lib.googletest.vcxproj", "{B04469AA-2233-4E81-9F21-0D1972756BD8}"
EndProject
Project("{8BC9CEB8-8B4A-11D0-8D11-00A0C91BC942}") = "lib.de", "lib.de\lib.de.vcxproj", "{8DC6F2C9-DD77-4915-B7A3-A5CE45AEE430}"
EndProject
Project("{8BC9CEB8-8B4A-11D0-8D11-00A0C91BC942}") = "dll.de.vk.mock", "dll.de.vk.mock\dll.de.vk.mock.vcxproj", "{802B7DC0-5886-4FFB-8BE5-EE9A93A247FC}"
EndProject
Project("{8BC9CEB8-8B4A-11D0-8D11-00A0C91BC942}") = "lib.de.math", "lib.de.math\lib.de.math.vcxproj", "{84132398-59D7-4027-B2A2-AD6C98533B8E}"
EndProject
Project("{8BC9CEB8-8B4A-11D0-8D11-00A0C91BC942}") = "lib.de.os", "lib.de.os\lib.de.os.vcxproj", "{A58E4C85-E2E3-4DF8-A66E-FE758865D3F2}"
EndProject
Project("{8BC9CEB8-8B4A-11D0-8D11-00A0C91BC942}") = "ut.de", "ut.de\ut.de.vcxproj", "{2A4B4F3E-8278-429E-94D9-E52A1E498B4E}"
EndProject
Project("{8BC9CEB8-8B4A-11D0-8D11-00A0C91BC942}") = "ut.de.os", "ut.de.os\ut.de.os.vcxproj", "{805C167E-FE7D-4E45-A2A9-817A107B498D}"
EndProject
Project("{8BC9CEB8-8B4A-11D0-8D11-00A0C91BC942}") = "ut.de.math", "ut.de.math\ut.de.math.vcxproj", "{46D50799-7AA4-4C50-A1D9-1BB641420807}"
EndProject
Project("{2150E333-8FDC-42A3-9474-1A3956D46DE8}") = "Files", "Files", "{9D75E3AB-4DB8-4606-8D0D-6A7A50A807D8}"
	ProjectSection(SolutionItems) = preProject
		..\..\.clang-format = ..\..\.clang-format
	EndProjectSection
EndProject
Project("{8BC9CEB8-8B4A-11D0-8D11-00A0C91BC942}") = "lib.de.render", "lib.de.render\lib.de.render.vcxproj", "{F2434BAD-2F23-45E4-A093-77EF0C26BAB7}"
EndProject
Project("{8BC9CEB8-8B4A-11D0-8D11-00A0C91BC942}") = "ut.de.render", "ut.de.render\ut.de.render.vcxproj", "{80312995-772B-4362-A3A0-8EEC8FA7F5AD}"
EndProject
Global
	GlobalSection(SolutionConfigurationPlatforms) = preSolution
		Debug|x64 = Debug|x64
		Debug|x86 = Debug|x86
		Release|x64 = Release|x64
		Release|x86 = Release|x86
	EndGlobalSection
	GlobalSection(ProjectConfigurationPlatforms) = postSolution
		{B04469AA-2233-4E81-9F21-0D1972756BD8}.Debug|x64.ActiveCfg = Debug|x64
		{B04469AA-2233-4E81-9F21-0D1972756BD8}.Debug|x64.Build.0 = Debug|x64
		{B04469AA-2233-4E81-9F21-0D1972756BD8}.Debug|x86.ActiveCfg = Debug|Win32
		{B04469AA-2233-4E81-9F21-0D1972756BD8}.Debug|x86.Build.0 = Debug|Win32
		{B04469AA-2233-4E81-9F21-0D1972756BD8}.Release|x64.ActiveCfg = Release|x64
		{B04469AA-2233-4E81-9F21-0D1972756BD8}.Release|x64.Build.0 = Release|x64
		{B04469AA-2233-4E81-9F21-0D1972756BD8}.Release|x86.ActiveCfg = Release|Win32
		{B04469AA-2233-4E81-9F21-0D1972756BD8}.Release|x86.Build.0 = Release|Win32
		{8DC6F2C9-DD77-4915-B7A3-A5CE45AEE430}.Debug|x64.ActiveCfg = Debug|x64
		{8DC6F2C9-DD77-4915-B7A3-A5CE45AEE430}.Debug|x64.Build.0 = Debug|x64
		{8DC6F2C9-DD77-4915-B7A3-A5CE45AEE430}.Debug|x86.ActiveCfg = Debug|Win32
		{8DC6F2C9-DD77-4915-B7A3-A5CE45AEE430}.Debug|x86.Build.0 = Debug|Win32
		{8DC6F2C9-DD77-4915-B7A3-A5CE45AEE430}.Release|x64.ActiveCfg = Release|x64
		{8DC6F2C9-DD77-4915-B7A3-A5CE45AEE430}.Release|x64.Build.0 = Release|x64
		{8DC6F2C9-DD77-4915-B7A3-A5CE45AEE430}.Release|x86.ActiveCfg = Release|Win32
		{8DC6F2C9-DD77-4915-B7A3-A5CE45AEE430}.Release|x86.Build.0 = Release|Win32
		{802B7DC0-5886-4FFB-8BE5-EE9A93A247FC}.Debug|x64.ActiveCfg = Debug|x64
		{802B7DC0-5886-4FFB-8BE5-EE9A93A247FC}.Debug|x64.Build.0 = Debug|x64
		{802B7DC0-5886-4FFB-8BE5-EE9A93A247FC}.Debug|x86.ActiveCfg = Debug|Win32
		{802B7DC0-5886-4FFB-8BE5-EE9A93A247FC}.Debug|x86.Build.0 = Debug|Win32
		{802B7DC0-5886-4FFB-8BE5-EE9A93A247FC}.Release|x64.ActiveCfg = Release|x64
		{802B7DC0-5886-4FFB-8BE5-EE9A93A247FC}.Release|x64.Build.0 = Release|x64
		{802B7DC0-5886-4FFB-8BE5-EE9A93A247FC}.Release|x86.ActiveCfg = Release|Win32
		{802B7DC0-5886-4FFB-8BE5-EE9A93A247FC}.Release|x86.Build.0 = Release|Win32
		{84132398-59D7-4027-B2A2-AD6C98533B8E}.Debug|x64.ActiveCfg = Debug|x64
		{84132398-59D7-4027-B2A2-AD6C98533B8E}.Debug|x64.Build.0 = Debug|x64
		{84132398-59D7-4027-B2A2-AD6C98533B8E}.Debug|x86.ActiveCfg = Debug|Win32
		{84132398-59D7-4027-B2A2-AD6C98533B8E}.Debug|x86.Build.0 = Debug|Win32
		{84132398-59D7-4027-B2A2-AD6C98533B8E}.Release|x64.ActiveCfg = Release|x64
		{84132398-59D7-4027-B2A2-AD6C98533B8E}.Release|x64.Build.0 = Release|x64
		{84132398-59D7-4027-B2A2-AD6C98533B8E}.Release|x86.ActiveCfg = Release|Win32
		{84132398-59D7-4027-B2A2-AD6C98533B8E}.Release|x86.Build.0 = Release|Win32
		{A58E4C85-E2E3-4DF8-A66E-FE758865D3F2}.Debug|x64.ActiveCfg = Debug|x64
		{A58E4C85-E2E3-4DF8-A66E-FE758865D3F2}.Debug|x64.Build.0 = Debug|x64
		{A58E4C85-E2E3-4DF8-A66E-FE758865D3F2}.Debug|x86.ActiveCfg = Debug|Win32
		{A58E4C85-E2E3-4DF8-A66E-FE758865D3F2}.Debug|x86.Build.0 = Debug|Win32
		{A58E4C85-E2E3-4DF8-A66E-FE758865D3F2}.Release|x64.ActiveCfg = Release|x64
		{A58E4C85-E2E3-4DF8-A66E-FE758865D3F2}.Release|x64.Build.0 = Release|x64
		{A58E4C85-E2E3-4DF8-A66E-FE758865D3F2}.Release|x86.ActiveCfg = Release|Win32
		{A58E4C85-E2E3-4DF8-A66E-FE758865D3F2}.Release|x86.Build.0 = Release|Win32
		{2A4B4F3E-8278-429E-94D9-E52A1E498B4E}.Debug|x64.ActiveCfg = Debug|x64
		{2A4B4F3E-8278-429E-94D9-E52A1E498B4E}.Debug|x64.Build.0 = Debug|x64
		{2A4B4F3E-8278-429E-94D9-E52A1E498B4E}.Debug|x86.ActiveCfg = Debug|Win32
		{2A4B4F3E-8278-429E-94D9-E52A1E498B4E}.Debug|x86.Build.0 = Debug|Win32
		{2A4B4F3E-8278-429E-94D9-E52A1E498B4E}.Release|x64.ActiveCfg = Release|x64
		{2A4B4F3E-8278-429E-94D9-E52A1E498B4E}.Release|x64.Build.0 = Release|x64
		{2A4B4F3E-8278-429E-94D9-E52A1E498B4E}.Release|x86.ActiveCfg = Release|Win32
		{2A4B4F3E-8278-429E-94D9-E52A1E498B4E}.Release|x86.Build.0 = Release|Win32
		{805C167E-FE7D-4E45-A2A9-817A107B498D}.Debug|x64.ActiveCfg = Debug|x64
		{805C167E-FE7D-4E45-A2A9-817A107B498D}.Debug|x64.Build.0 = Debug|x64
		{805C167E-FE7D-4E45-A2A9-817A107B498D}.Debug|x86.ActiveCfg = Debug|Win32
		{805C167E-FE7D-4E45-A2A9-817A107B498D}.Debug|x86.Build.0 = Debug|Win32
		{805C167E-FE7D-4E45-A2A9-817A107B498D}.Release|x64.ActiveCfg = Release|x64
		{805C167E-FE7D-4E45-A2A9-817A107B498D}.Release|x64.Build.0 = Release|x64
		{805C167E-FE7D-4E45-A2A9-817A107B498D}.Release|x86.ActiveCfg = Release|Win32
		{805C167E-FE7D-4E45-A2A9-817A107B498D}.Release|x86.Build.0 = Release|Win32
		{46D50799-7AA4-4C50-A1D9-1BB641420807}.Debug|x64.ActiveCfg = Debug|x64
		{46D50799-7AA4-4C50-A1D9-1BB641420807}.Debug|x64.Build.0 = Debug|x64
		{46D50799-7AA4-4C50-A1D9-1BB641420807}.Debug|x86.ActiveCfg = Debug|Win32
		{46D50799-7AA4-4C50-A1D9-1BB641420807}.Debug|x86.Build.0 = Debug|Win32
		{46D50799-7AA4-4C50-A1D9-1BB641420807}.Release|x64.ActiveCfg = Release|x64
		{46D50799-7AA4-4C50-A1D9-1BB641420807}.Release|x64.Build.0 = Release|x64
		{46D50799-7AA4-4C50-A1D9-1BB641420807}.Release|x86.ActiveCfg = Release|Win32
		{46D50799-7AA4-4C50-A1D9-1BB641420807}.Release|x86.Build.0 = Release|Win32
		{F2434BAD-2F23-45E4-A093-77EF0C26BAB7}.Debug|x64.ActiveCfg = Debug|x64
		{F2434BAD-2F23-45E4-A093-77EF0C26BAB7}.Debug|x64.Build.0 = Debug|x64
		{F2434BAD-2F23-45E4-A093-77EF0C26BAB7}.Debug|x86.ActiveCfg = Debug|Win32
		{F2434BAD-2F23-45E4-A093-77EF0C26BAB7}.Debug|x86.Build.0 = Debug|Win32
		{F2434BAD-2F23-45E4-A093-77EF0C26BAB7}.Release|x64.ActiveCfg = Release|x64
		{F2434BAD-2F23-45E4-A093-77EF0C26BAB7}.Release|x64.Build.0 = Release|x64
		{F2434BAD-2F23-45E4-A093-77EF0C26BAB7}.Release|x86.ActiveCfg = Release|Win32
		{F2434BAD-2F23-45E4-A093-77EF0C26BAB7}.Release|x86.Build.0 = Release|Win32
		{80312995-772B-4362-A3A0-8EEC8FA7F5AD}.Debug|x64.ActiveCfg = Debug|x64
		{80312995-772B-4362-A3A0-8EEC8FA7F5AD}.Debug|x64.Build.0 = Debug|x64
		{80312995-772B-4362-A3A0-8EEC8FA7F5AD}.Debug|x86.ActiveCfg = Debug|Win32
		{80312995-772B-4362-A3A0-8EEC8FA7F5AD}.Debug|x86.Build.0 = Debug|Win32
		{80312995-772B-4362-A3A0-8EEC8FA7F5AD}.Release|x64.ActiveCfg = Release|x64
		{80312995-772B-4362-A3A0-8EEC8FA7F5AD}.Release|x64.Build.0 = Release|x64
		{80312995-772B-4362-A3A0-8EEC8FA7F5AD}.Release|x86.ActiveCfg = Release|Win32
		{80312995-772B-4362-A3A0-8EEC8FA7F5AD}.Release|x86.Build.0 = Release|Win32
	EndGlobalSection
	GlobalSection(SolutionProperties) = preSolution
		HideSolutionNode = FALSE
	EndGlobalSection
	GlobalSection(ExtensibilityGlobals) = postSolution
		SolutionGuid = {3F714A01-C3E4-46F6-9134-D15949EC3EF6}
	EndGlobalSection
EndGlobal
